
Microsoft Visual Studio Solution File, Format Version 12.00
# Visual Studio Version 16
VisualStudioVersion = 16.0.31105.61
MinimumVisualStudioVersion = 10.0.40219.1
Project("{FAE04EC0-301F-11D3-BF4B-00C04F79EFBC}") = "Common.Pagination", "Common.Pagination\Common.Pagination.csproj", "{E3931B7D-A8B4-4C1B-A935-C4A66CB7FA71}"
EndProject
Project("{FAE04EC0-301F-11D3-BF4B-00C04F79EFBC}") = "Common.Pagination.Test", "Common.Pagination.Test\Common.Pagination.Test.csproj", "{FC4BBFB8-B190-4242-B2CB-AC303C24BBE7}"
EndProject
Global
	GlobalSection(SolutionConfigurationPlatforms) = preSolution
		Debug|Any CPU = Debug|Any CPU
		Release|Any CPU = Release|Any CPU
	EndGlobalSection
	GlobalSection(ProjectConfigurationPlatforms) = postSolution
		{E3931B7D-A8B4-4C1B-A935-C4A66CB7FA71}.Debug|Any CPU.ActiveCfg = Debug|Any CPU
		{E3931B7D-A8B4-4C1B-A935-C4A66CB7FA71}.Debug|Any CPU.Build.0 = Debug|Any CPU
		{E3931B7D-A8B4-4C1B-A935-C4A66CB7FA71}.Release|Any CPU.ActiveCfg = Release|Any CPU
		{E3931B7D-A8B4-4C1B-A935-C4A66CB7FA71}.Release|Any CPU.Build.0 = Release|Any CPU
		{FC4BBFB8-B190-4242-B2CB-AC303C24BBE7}.Debug|Any CPU.ActiveCfg = Debug|Any CPU
		{FC4BBFB8-B190-4242-B2CB-AC303C24BBE7}.Debug|Any CPU.Build.0 = Debug|Any CPU
		{FC4BBFB8-B190-4242-B2CB-AC303C24BBE7}.Release|Any CPU.ActiveCfg = Release|Any CPU
		{FC4BBFB8-B190-4242-B2CB-AC303C24BBE7}.Release|Any CPU.Build.0 = Release|Any CPU
	EndGlobalSection
	GlobalSection(SolutionProperties) = preSolution
		HideSolutionNode = FALSE
	EndGlobalSection
	GlobalSection(ExtensibilityGlobals) = postSolution
		SolutionGuid = {D55C91EE-DBA9-4C96-A6F0-A3D3357A431D}
	EndGlobalSection
EndGlobal
