
Microsoft Visual Studio Solution File, Format Version 12.00
# Visual Studio Version 17
VisualStudioVersion = 17.0.32014.148
MinimumVisualStudioVersion = 10.0.40219.1
Project("{9A19103F-16F7-4668-BE54-9A1E7A4F7556}") = "Common.Data", "Common.Data.csproj", "{C95B15E7-C2AF-4F51-AE8E-72BDC6CB6A9F}"
EndProject
Global
	GlobalSection(SolutionConfigurationPlatforms) = preSolution
		Debug|Any CPU = Debug|Any CPU
		Release|Any CPU = Release|Any CPU
	EndGlobalSection
	GlobalSection(ProjectConfigurationPlatforms) = postSolution
		{C95B15E7-C2AF-4F51-AE8E-72BDC6CB6A9F}.Debug|Any CPU.ActiveCfg = Debug|Any CPU
		{C95B15E7-C2AF-4F51-AE8E-72BDC6CB6A9F}.Debug|Any CPU.Build.0 = Debug|Any CPU
		{C95B15E7-C2AF-4F51-AE8E-72BDC6CB6A9F}.Release|Any CPU.ActiveCfg = Release|Any CPU
		{C95B15E7-C2AF-4F51-AE8E-72BDC6CB6A9F}.Release|Any CPU.Build.0 = Release|Any CPU
	EndGlobalSection
	GlobalSection(SolutionProperties) = preSolution
		HideSolutionNode = FALSE
	EndGlobalSection
	GlobalSection(ExtensibilityGlobals) = postSolution
		SolutionGuid = {54140AA1-C5C5-4069-8D9B-0EE93AA2A5D6}
	EndGlobalSection
EndGlobal
